
Microsoft Visual Studio Solution File, Format Version 12.00
# Visual Studio 15
VisualStudioVersion = 15.0.28307.329
MinimumVisualStudioVersion = 10.0.40219.1
Project("{FAE04EC0-301F-11D3-BF4B-00C04F79EFBC}") = "HW1", "HW1\HW1.csproj", "{CBA84D43-6A3E-4513-86BB-D92D9E55FB1B}"
EndProject
Global
	GlobalSection(SolutionConfigurationPlatforms) = preSolution
		Debug|Any CPU = Debug|Any CPU
		Release|Any CPU = Release|Any CPU
	EndGlobalSection
	GlobalSection(ProjectConfigurationPlatforms) = postSolution
		{CBA84D43-6A3E-4513-86BB-D92D9E55FB1B}.Debug|Any CPU.ActiveCfg = Debug|Any CPU
		{CBA84D43-6A3E-4513-86BB-D92D9E55FB1B}.Debug|Any CPU.Build.0 = Debug|Any CPU
		{CBA84D43-6A3E-4513-86BB-D92D9E55FB1B}.Release|Any CPU.ActiveCfg = Release|Any CPU
		{CBA84D43-6A3E-4513-86BB-D92D9E55FB1B}.Release|Any CPU.Build.0 = Release|Any CPU
	EndGlobalSection
	GlobalSection(SolutionProperties) = preSolution
		HideSolutionNode = FALSE
	EndGlobalSection
	GlobalSection(ExtensibilityGlobals) = postSolution
		SolutionGuid = {29BB9A36-E5D1-4BA2-82ED-6771178122D2}
	EndGlobalSection
EndGlobal
